
Microsoft Visual Studio Solution File, Format Version 12.00
# Visual Studio Version 17
VisualStudioVersion = 17.3.32901.215
MinimumVisualStudioVersion = 10.0.40219.1
Project("{FAE04EC0-301F-11D3-BF4B-00C04F79EFBC}") = "25.1", "25.1\25.1.csproj", "{99C41B21-46F9-4DE4-9B02-48956FD7ED32}"
EndProject
Global
	GlobalSection(SolutionConfigurationPlatforms) = preSolution
		Debug|Any CPU = Debug|Any CPU
		Release|Any CPU = Release|Any CPU
	EndGlobalSection
	GlobalSection(ProjectConfigurationPlatforms) = postSolution
		{99C41B21-46F9-4DE4-9B02-48956FD7ED32}.Debug|Any CPU.ActiveCfg = Debug|Any CPU
		{99C41B21-46F9-4DE4-9B02-48956FD7ED32}.Debug|Any CPU.Build.0 = Debug|Any CPU
		{99C41B21-46F9-4DE4-9B02-48956FD7ED32}.Release|Any CPU.ActiveCfg = Release|Any CPU
		{99C41B21-46F9-4DE4-9B02-48956FD7ED32}.Release|Any CPU.Build.0 = Release|Any CPU
	EndGlobalSection
	GlobalSection(SolutionProperties) = preSolution
		HideSolutionNode = FALSE
	EndGlobalSection
	GlobalSection(ExtensibilityGlobals) = postSolution
		SolutionGuid = {E4DE9C3B-E1F6-4685-B97B-CA84A93E5174}
	EndGlobalSection
EndGlobal
