
Microsoft Visual Studio Solution File, Format Version 12.00
# Visual Studio Version 17
VisualStudioVersion = 17.3.32901.215
MinimumVisualStudioVersion = 10.0.40219.1
Project("{FAE04EC0-301F-11D3-BF4B-00C04F79EFBC}") = "25.2", "25.2\25.2.csproj", "{2C5A623A-B1B1-4431-8782-A08A6DC9B83B}"
EndProject
Global
	GlobalSection(SolutionConfigurationPlatforms) = preSolution
		Debug|Any CPU = Debug|Any CPU
		Release|Any CPU = Release|Any CPU
	EndGlobalSection
	GlobalSection(ProjectConfigurationPlatforms) = postSolution
		{2C5A623A-B1B1-4431-8782-A08A6DC9B83B}.Debug|Any CPU.ActiveCfg = Debug|Any CPU
		{2C5A623A-B1B1-4431-8782-A08A6DC9B83B}.Debug|Any CPU.Build.0 = Debug|Any CPU
		{2C5A623A-B1B1-4431-8782-A08A6DC9B83B}.Release|Any CPU.ActiveCfg = Release|Any CPU
		{2C5A623A-B1B1-4431-8782-A08A6DC9B83B}.Release|Any CPU.Build.0 = Release|Any CPU
	EndGlobalSection
	GlobalSection(SolutionProperties) = preSolution
		HideSolutionNode = FALSE
	EndGlobalSection
	GlobalSection(ExtensibilityGlobals) = postSolution
		SolutionGuid = {87DAF6A5-47AF-4A66-AFFF-772F5C63F0F0}
	EndGlobalSection
EndGlobal
